
Microsoft Visual Studio Solution File, Format Version 12.00
# Visual Studio Version 17
VisualStudioVersion = 17.0.31903.59
MinimumVisualStudioVersion = 10.0.40219.1
Project("{2150E333-8FDC-42A3-9474-1A3956D46DE8}") = "src", "src", "{827E0CD3-B72D-47B6-A68D-7590B98EB39B}"
EndProject
Project("{FAE04EC0-301F-11D3-BF4B-00C04F79EFBC}") = "PetShop.API", "src\PetShop.API\PetShop.API.csproj", "{D4E48427-836A-4DCA-BFE8-F39695D93A73}"
EndProject
Project("{FAE04EC0-301F-11D3-BF4B-00C04F79EFBC}") = "PetShop.Application", "src\PetShop.Application\PetShop.Application.csproj", "{F5399C89-533B-44B5-B531-0FBB576A1388}"
EndProject
Project("{FAE04EC0-301F-11D3-BF4B-00C04F79EFBC}") = "PetShop.Domain", "src\PetShop.Domain\PetShop.Domain.csproj", "{3D1394D9-F25B-4124-AC75-54A7064E4968}"
EndProject
Project("{FAE04EC0-301F-11D3-BF4B-00C04F79EFBC}") = "PetShop.Infrastructure", "src\PetShop.Infrastructure\PetShop.Infrastructure.csproj", "{7A9C21BC-6746-4252-A97D-D4002DC20AFD}"
EndProject
Global
	GlobalSection(SolutionConfigurationPlatforms) = preSolution
		Debug|Any CPU = Debug|Any CPU
		Debug|x64 = Debug|x64
		Debug|x86 = Debug|x86
		Release|Any CPU = Release|Any CPU
		Release|x64 = Release|x64
		Release|x86 = Release|x86
	EndGlobalSection
	GlobalSection(ProjectConfigurationPlatforms) = postSolution
		{D4E48427-836A-4DCA-BFE8-F39695D93A73}.Debug|Any CPU.ActiveCfg = Debug|Any CPU
		{D4E48427-836A-4DCA-BFE8-F39695D93A73}.Debug|Any CPU.Build.0 = Debug|Any CPU
		{D4E48427-836A-4DCA-BFE8-F39695D93A73}.Debug|x64.ActiveCfg = Debug|Any CPU
		{D4E48427-836A-4DCA-BFE8-F39695D93A73}.Debug|x64.Build.0 = Debug|Any CPU
		{D4E48427-836A-4DCA-BFE8-F39695D93A73}.Debug|x86.ActiveCfg = Debug|Any CPU
		{D4E48427-836A-4DCA-BFE8-F39695D93A73}.Debug|x86.Build.0 = Debug|Any CPU
		{D4E48427-836A-4DCA-BFE8-F39695D93A73}.Release|Any CPU.ActiveCfg = Release|Any CPU
		{D4E48427-836A-4DCA-BFE8-F39695D93A73}.Release|Any CPU.Build.0 = Release|Any CPU
		{D4E48427-836A-4DCA-BFE8-F39695D93A73}.Release|x64.ActiveCfg = Release|Any CPU
		{D4E48427-836A-4DCA-BFE8-F39695D93A73}.Release|x64.Build.0 = Release|Any CPU
		{D4E48427-836A-4DCA-BFE8-F39695D93A73}.Release|x86.ActiveCfg = Release|Any CPU
		{D4E48427-836A-4DCA-BFE8-F39695D93A73}.Release|x86.Build.0 = Release|Any CPU
		{F5399C89-533B-44B5-B531-0FBB576A1388}.Debug|Any CPU.ActiveCfg = Debug|Any CPU
		{F5399C89-533B-44B5-B531-0FBB576A1388}.Debug|Any CPU.Build.0 = Debug|Any CPU
		{F5399C89-533B-44B5-B531-0FBB576A1388}.Debug|x64.ActiveCfg = Debug|Any CPU
		{F5399C89-533B-44B5-B531-0FBB576A1388}.Debug|x64.Build.0 = Debug|Any CPU
		{F5399C89-533B-44B5-B531-0FBB576A1388}.Debug|x86.ActiveCfg = Debug|Any CPU
		{F5399C89-533B-44B5-B531-0FBB576A1388}.Debug|x86.Build.0 = Debug|Any CPU
		{F5399C89-533B-44B5-B531-0FBB576A1388}.Release|Any CPU.ActiveCfg = Release|Any CPU
		{F5399C89-533B-44B5-B531-0FBB576A1388}.Release|Any CPU.Build.0 = Release|Any CPU
		{F5399C89-533B-44B5-B531-0FBB576A1388}.Release|x64.ActiveCfg = Release|Any CPU
		{F5399C89-533B-44B5-B531-0FBB576A1388}.Release|x64.Build.0 = Release|Any CPU
		{F5399C89-533B-44B5-B531-0FBB576A1388}.Release|x86.ActiveCfg = Release|Any CPU
		{F5399C89-533B-44B5-B531-0FBB576A1388}.Release|x86.Build.0 = Release|Any CPU
		{3D1394D9-F25B-4124-AC75-54A7064E4968}.Debug|Any CPU.ActiveCfg = Debug|Any CPU
		{3D1394D9-F25B-4124-AC75-54A7064E4968}.Debug|Any CPU.Build.0 = Debug|Any CPU
		{3D1394D9-F25B-4124-AC75-54A7064E4968}.Debug|x64.ActiveCfg = Debug|Any CPU
		{3D1394D9-F25B-4124-AC75-54A7064E4968}.Debug|x64.Build.0 = Debug|Any CPU
		{3D1394D9-F25B-4124-AC75-54A7064E4968}.Debug|x86.ActiveCfg = Debug|Any CPU
		{3D1394D9-F25B-4124-AC75-54A7064E4968}.Debug|x86.Build.0 = Debug|Any CPU
		{3D1394D9-F25B-4124-AC75-54A7064E4968}.Release|Any CPU.ActiveCfg = Release|Any CPU
		{3D1394D9-F25B-4124-AC75-54A7064E4968}.Release|Any CPU.Build.0 = Release|Any CPU
		{3D1394D9-F25B-4124-AC75-54A7064E4968}.Release|x64.ActiveCfg = Release|Any CPU
		{3D1394D9-F25B-4124-AC75-54A7064E4968}.Release|x64.Build.0 = Release|Any CPU
		{3D1394D9-F25B-4124-AC75-54A7064E4968}.Release|x86.ActiveCfg = Release|Any CPU
		{3D1394D9-F25B-4124-AC75-54A7064E4968}.Release|x86.Build.0 = Release|Any CPU
		{7A9C21BC-6746-4252-A97D-D4002DC20AFD}.Debug|Any CPU.ActiveCfg = Debug|Any CPU
		{7A9C21BC-6746-4252-A97D-D4002DC20AFD}.Debug|Any CPU.Build.0 = Debug|Any CPU
		{7A9C21BC-6746-4252-A97D-D4002DC20AFD}.Debug|x64.ActiveCfg = Debug|Any CPU
		{7A9C21BC-6746-4252-A97D-D4002DC20AFD}.Debug|x64.Build.0 = Debug|Any CPU
		{7A9C21BC-6746-4252-A97D-D4002DC20AFD}.Debug|x86.ActiveCfg = Debug|Any CPU
		{7A9C21BC-6746-4252-A97D-D4002DC20AFD}.Debug|x86.Build.0 = Debug|Any CPU
		{7A9C21BC-6746-4252-A97D-D4002DC20AFD}.Release|Any CPU.ActiveCfg = Release|Any CPU
		{7A9C21BC-6746-4252-A97D-D4002DC20AFD}.Release|Any CPU.Build.0 = Release|Any CPU
		{7A9C21BC-6746-4252-A97D-D4002DC20AFD}.Release|x64.ActiveCfg = Release|Any CPU
		{7A9C21BC-6746-4252-A97D-D4002DC20AFD}.Release|x64.Build.0 = Release|Any CPU
		{7A9C21BC-6746-4252-A97D-D4002DC20AFD}.Release|x86.ActiveCfg = Release|Any CPU
		{7A9C21BC-6746-4252-A97D-D4002DC20AFD}.Release|x86.Build.0 = Release|Any CPU
	EndGlobalSection
	GlobalSection(SolutionProperties) = preSolution
		HideSolutionNode = FALSE
	EndGlobalSection
	GlobalSection(NestedProjects) = preSolution
		{D4E48427-836A-4DCA-BFE8-F39695D93A73} = {827E0CD3-B72D-47B6-A68D-7590B98EB39B}
		{F5399C89-533B-44B5-B531-0FBB576A1388} = {827E0CD3-B72D-47B6-A68D-7590B98EB39B}
		{3D1394D9-F25B-4124-AC75-54A7064E4968} = {827E0CD3-B72D-47B6-A68D-7590B98EB39B}
		{7A9C21BC-6746-4252-A97D-D4002DC20AFD} = {827E0CD3-B72D-47B6-A68D-7590B98EB39B}
	EndGlobalSection
EndGlobal
